
Microsoft Visual Studio Solution File, Format Version 12.00
# Visual Studio Version 16
VisualStudioVersion = 16.0.29215.179
MinimumVisualStudioVersion = 10.0.40219.1
Project("{FAE04EC0-301F-11D3-BF4B-00C04F79EFBC}") = "Exemplo1", "Exemplo1\Exemplo1.csproj", "{ABF9D581-C49B-4ED8-BCE6-0AD4208ED6FB}"
EndProject
Project("{FAE04EC0-301F-11D3-BF4B-00C04F79EFBC}") = "Exemplo2", "Exemplo2\Exemplo2.csproj", "{07B32A91-DC6D-4A72-9F73-2BD334ADE0FF}"
EndProject
Global
	GlobalSection(SolutionConfigurationPlatforms) = preSolution
		Debug|Any CPU = Debug|Any CPU
		Release|Any CPU = Release|Any CPU
	EndGlobalSection
	GlobalSection(ProjectConfigurationPlatforms) = postSolution
		{ABF9D581-C49B-4ED8-BCE6-0AD4208ED6FB}.Debug|Any CPU.ActiveCfg = Debug|Any CPU
		{ABF9D581-C49B-4ED8-BCE6-0AD4208ED6FB}.Debug|Any CPU.Build.0 = Debug|Any CPU
		{ABF9D581-C49B-4ED8-BCE6-0AD4208ED6FB}.Release|Any CPU.ActiveCfg = Release|Any CPU
		{ABF9D581-C49B-4ED8-BCE6-0AD4208ED6FB}.Release|Any CPU.Build.0 = Release|Any CPU
		{07B32A91-DC6D-4A72-9F73-2BD334ADE0FF}.Debug|Any CPU.ActiveCfg = Debug|Any CPU
		{07B32A91-DC6D-4A72-9F73-2BD334ADE0FF}.Debug|Any CPU.Build.0 = Debug|Any CPU
		{07B32A91-DC6D-4A72-9F73-2BD334ADE0FF}.Release|Any CPU.ActiveCfg = Release|Any CPU
		{07B32A91-DC6D-4A72-9F73-2BD334ADE0FF}.Release|Any CPU.Build.0 = Release|Any CPU
	EndGlobalSection
	GlobalSection(SolutionProperties) = preSolution
		HideSolutionNode = FALSE
	EndGlobalSection
	GlobalSection(ExtensibilityGlobals) = postSolution
		SolutionGuid = {9D1C0E25-2503-4E70-A017-C7690C35DE44}
	EndGlobalSection
EndGlobal
